<?xml version="1.0" encoding="utf-8"?>
<Project ToolsVersion="4.0" xmlns="http://schemas.microsoft.com/developer/msbuild/2003">
  <ItemGroup>
    <ClCompile Include="src\GameState.cpp" />
    <ClCompile Include="src\Building.cpp" />
    <ClCompile Include="src\CrashLoyal.cpp" />
    <ClCompile Include="src\Mob.cpp">
      <Filter>Mobs</Filter>
    </ClCompile>
  </ItemGroup>
  <ItemGroup>
    <ClInclude Include="src\GameState.h" />
    <ClInclude Include="src\Point.h" />
    <ClInclude Include="src\Waypoint.h" />
    <ClInclude Include="src\Building.h" />
    <ClInclude Include="src\Mob.h">
      <Filter>Mobs</Filter>
    </ClInclude>
    <ClInclude Include="src\Mob_Swordsman.h">
      <Filter>Mobs</Filter>
    </ClInclude>
    <ClInclude Include="src\Mob_Archer.h">
      <Filter>Mobs</Filter>
    </ClInclude>
    <ClInclude Include="src\Attackable.h">
      <Filter>Mobs</Filter>
    </ClInclude>
  </ItemGroup>
  <ItemGroup>
    <Filter Include="Mobs">
      <UniqueIdentifier>{7a953e00-6a20-49d7-b381-b0d82cbdcb20}</UniqueIdentifier>
    </Filter>
  </ItemGroup>
</Project>